// !$*UTF8*$!
{
	archiveVersion = 1;
	classes = {
	};
	objectVersion = 50;
	objects = {

/* Begin PBXBuildFile section */
		874301932253B76900264F6E /* YPDrawSignatureView.swift in Sources */ = {isa = PBXBuildFile; fileRef = 874301922253B76900264F6E /* YPDrawSignatureView.swift */; };
		879CAFD12242959C00797E3F /* AppDelegate.swift in Sources */ = {isa = PBXBuildFile; fileRef = 879CAFD02242959C00797E3F /* AppDelegate.swift */; };
		879CAFD32242959C00797E3F /* ViewController.swift in Sources */ = {isa = PBXBuildFile; fileRef = 879CAFD22242959C00797E3F /* ViewController.swift */; };
		879CAFD62242959C00797E3F /* Main.storyboard in Resources */ = {isa = PBXBuildFile; fileRef = 879CAFD42242959C00797E3F /* Main.storyboard */; };
		879CAFD92242959C00797E3F /* RequestForm.xcdatamodeld in Sources */ = {isa = PBXBuildFile; fileRef = 879CAFD72242959C00797E3F /* RequestForm.xcdatamodeld */; };
		879CAFDB2242959E00797E3F /* Assets.xcassets in Resources */ = {isa = PBXBuildFile; fileRef = 879CAFDA2242959E00797E3F /* Assets.xcassets */; };
		879CAFDE2242959E00797E3F /* LaunchScreen.storyboard in Resources */ = {isa = PBXBuildFile; fileRef = 879CAFDC2242959E00797E3F /* LaunchScreen.storyboard */; };
/* End PBXBuildFile section */

/* Begin PBXFileReference section */
		874301922253B76900264F6E /* YPDrawSignatureView.swift */ = {isa = PBXFileReference; fileEncoding = 4; lastKnownFileType = sourcecode.swift; path = YPDrawSignatureView.swift; sourceTree = "<group>"; };
		879CAFCD2242959C00797E3F /* RequestForm.app */ = {isa = PBXFileReference; explicitFileType = wrapper.application; includeInIndex = 0; path = RequestForm.app; sourceTree = BUILT_PRODUCTS_DIR; };
		879CAFD02242959C00797E3F /* AppDelegate.swift */ = {isa = PBXFileReference; lastKnownFileType = sourcecode.swift; path = AppDelegate.swift; sourceTree = "<group>"; };
		879CAFD22242959C00797E3F /* ViewController.swift */ = {isa = PBXFileReference; lastKnownFileType = sourcecode.swift; path = ViewController.swift; sourceTree = "<group>"; };
		879CAFD52242959C00797E3F /* Base */ = {isa = PBXFileReference; lastKnownFileType = file.storyboard; name = Base; path = Base.lproj/Main.storyboard; sourceTree = "<group>"; };
		879CAFD82242959C00797E3F /* RequestForm.xcdatamodel */ = {isa = PBXFileReference; lastKnownFileType = wrapper.xcdatamodel; path = RequestForm.xcdatamodel; sourceTree = "<group>"; };
		879CAFDA2242959E00797E3F /* Assets.xcassets */ = {isa = PBXFileReference; lastKnownFileType = folder.assetcatalog; path = Assets.xcassets; sourceTree = "<group>"; };
		879CAFDD2242959E00797E3F /* Base */ = {isa = PBXFileReference; lastKnownFileType = file.storyboard; name = Base; path = Base.lproj/LaunchScreen.storyboard; sourceTree = "<group>"; };
		879CAFDF2242959E00797E3F /* Info.plist */ = {isa = PBXFileReference; lastKnownFileType = text.plist.xml; path = Info.plist; sourceTree = "<group>"; };
/* End PBXFileReference section */

/* Begin PBXFrameworksBuildPhase section */
		879CAFCA2242959C00797E3F /* Frameworks */ = {
			isa = PBXFrameworksBuildPhase;
			buildActionMask = 2147483647;
			files = (
			);
			runOnlyForDeploymentPostprocessing = 0;
		};
/* End PBXFrameworksBuildPhase section */

/* Begin PBXGroup section */
		879CAFC42242959C00797E3F = {
			isa = PBXGroup;
			children = (
				879CAFCF2242959C00797E3F /* RequestForm */,
				879CAFCE2242959C00797E3F /* Products */,
			);
			sourceTree = "<group>";
		};
		879CAFCE2242959C00797E3F /* Products */ = {
			isa = PBXGroup;
			children = (
				879CAFCD2242959C00797E3F /* RequestForm.app */,
			);
			name = Products;
			sourceTree = "<group>";
		};
		879CAFCF2242959C00797E3F /* RequestForm */ = {
			isa = PBXGroup;
			children = (
				879CAFD02242959C00797E3F /* AppDelegate.swift */,
				879CAFD22242959C00797E3F /* ViewController.swift */,
				874301922253B76900264F6E /* YPDrawSignatureView.swift */,
				879CAFD42242959C00797E3F /* Main.storyboard */,
				879CAFDA2242959E00797E3F /* Assets.xcassets */,
				879CAFDC2242959E00797E3F /* LaunchScreen.storyboard */,
				879CAFDF2242959E00797E3F /* Info.plist */,
				879CAFD72242959C00797E3F /* RequestForm.xcdatamodeld */,
			);
			path = RequestForm;
			sourceTree = "<group>";
		};
/* End PBXGroup section */

/* Begin PBXNativeTarget section */
		879CAFCC2242959C00797E3F /* RequestForm */ = {
			isa = PBXNativeTarget;
			buildConfigurationList = 879CAFE22242959E00797E3F /* Build configuration list for PBXNativeTarget "RequestForm" */;
			buildPhases = (
				879CAFC92242959C00797E3F /* Sources */,
				879CAFCA2242959C00797E3F /* Frameworks */,
				879CAFCB2242959C00797E3F /* Resources */,
			);
			buildRules = (
			);
			dependencies = (
			);
			name = RequestForm;
			productName = RequestForm;
			productReference = 879CAFCD2242959C00797E3F /* RequestForm.app */;
			productType = "com.apple.product-type.application";
		};
/* End PBXNativeTarget section */

/* Begin PBXProject section */
		879CAFC52242959C00797E3F /* Project object */ = {
			isa = PBXProject;
			attributes = {
				LastSwiftUpdateCheck = 1010;
				LastUpgradeCheck = 1010;
				ORGANIZATIONNAME = "Cate School";
				TargetAttributes = {
					879CAFCC2242959C00797E3F = {
						CreatedOnToolsVersion = 10.1;
					};
				};
			};
			buildConfigurationList = 879CAFC82242959C00797E3F /* Build configuration list for PBXProject "RequestForm" */;
			compatibilityVersion = "Xcode 9.3";
			developmentRegion = en;
			hasScannedForEncodings = 0;
			knownRegions = (
				en,
				Base,
			);
			mainGroup = 879CAFC42242959C00797E3F;
			productRefGroup = 879CAFCE2242959C00797E3F /* Products */;
			projectDirPath = "";
			projectRoot = "";
			targets = (
				879CAFCC2242959C00797E3F /* RequestForm */,
			);
		};
/* End PBXProject section */

/* Begin PBXResourcesBuildPhase section */
		879CAFCB2242959C00797E3F /* Resources */ = {
			isa = PBXResourcesBuildPhase;
			buildActionMask = 2147483647;
			files = (
				879CAFDE2242959E00797E3F /* LaunchScreen.storyboard in Resources */,
				879CAFDB2242959E00797E3F /* Assets.xcassets in Resources */,
				879CAFD62242959C00797E3F /* Main.storyboard in Resources */,
			);
			runOnlyForDeploymentPostprocessing = 0;
		};
/* End PBXResourcesBuildPhase section */

/* Begin PBXSourcesBuildPhase section */
		879CAFC92242959C00797E3F /* Sources */ = {
			isa = PBXSourcesBuildPhase;
			buildActionMask = 2147483647;
			files = (
				874301932253B76900264F6E /* YPDrawSignatureView.swift in Sources */,
				879CAFD92242959C00797E3F /* RequestForm.xcdatamodeld in Sources */,
				879CAFD32242959C00797E3F /* ViewController.swift in Sources */,
				879CAFD12242959C00797E3F /* AppDelegate.swift in Sources */,
			);
			runOnlyForDeploymentPostprocessing = 0;
		};
/* End PBXSourcesBuildPhase section */

/* Begin PBXVariantGroup section */
		879CAFD42242959C00797E3F /* Main.storyboard */ = {
			isa = PBXVariantGroup;
			children = (
				879CAFD52242959C00797E3F /* Base */,
			);
			name = Main.storyboard;
			sourceTree = "<group>";
		};
		879CAFDC2242959E00797E3F /* LaunchScreen.storyboard */ = {
			isa = PBXVariantGroup;
			children = (
				879CAFDD2242959E00797E3F /* Base */,
			);
			name = LaunchScreen.storyboard;
			sourceTree = "<group>";
		};
/* End PBXVariantGroup section */

/* Begin XCBuildConfiguration section */
		879CAFE02242959E00797E3F /* Debug */ = {
			isa = XCBuildConfiguration;
			buildSettings = {
				ALWAYS_SEARCH_USER_PATHS = NO;
				CLANG_ANALYZER_NONNULL = YES;
				CLANG_ANALYZER_NUMBER_OBJECT_CONVERSION = YES_AGGRESSIVE;
				CLANG_CXX_LANGUAGE_STANDARD = "gnu++14";
				CLANG_CXX_LIBRARY = "libc++";
				CLANG_ENABLE_MODULES = YES;
				CLANG_ENABLE_OBJC_ARC = YES;
				CLANG_ENABLE_OBJC_WEAK = YES;
				CLANG_WARN_BLOCK_CAPTURE_AUTORELEASING = YES;
				CLANG_WARN_BOOL_CONVERSION = YES;
				CLANG_WARN_COMMA = YES;
				CLANG_WARN_CONSTANT_CONVERSION = YES;
				CLANG_WARN_DEPRECATED_OBJC_IMPLEMENTATIONS = YES;
				CLANG_WARN_DIRECT_OBJC_ISA_USAGE = YES_ERROR;
				CLANG_WARN_DOCUMENTATION_COMMENTS = YES;
				CLANG_WARN_EMPTY_BODY = YES;
				CLANG_WARN_ENUM_CONVERSION = YES;
				CLANG_WARN_INFINITE_RECURSION = YES;
				CLANG_WARN_INT_CONVERSION = YES;
				CLANG_WARN_NON_LITERAL_NULL_CONVERSION = YES;
				CLANG_WARN_OBJC_IMPLICIT_RETAIN_SELF = YES;
				CLANG_WARN_OBJC_LITERAL_CONVERSION = YES;
				CLANG_WARN_OBJC_ROOT_CLASS = YES_ERROR;
				CLANG_WARN_RANGE_LOOP_ANALYSIS = YES;
				CLANG_WARN_STRICT_PROTOTYPES = YES;
				CLANG_WARN_SUSPICIOUS_MOVE = YES;
				CLANG_WARN_UNGUARDED_AVAILABILITY = YES_AGGRESSIVE;
				CLANG_WARN_UNREACHABLE_CODE = YES;
				CLANG_WARN__DUPLICATE_METHOD_MATCH = YES;
				CODE_SIGN_IDENTITY = "iPhone Developer";
				COPY_PHASE_STRIP = NO;
				DEBUG_INFORMATION_FORMAT = dwarf;
				ENABLE_STRICT_OBJC_MSGSEND = YES;
				ENABLE_TESTABILITY = YES;
				GCC_C_LANGUAGE_STANDARD = gnu11;
				GCC_DYNAMIC_NO_PIC = NO;
				GCC_NO_COMMON_BLOCKS = YES;
				GCC_OPTIMIZATION_LEVEL = 0;
				GCC_PREPROCESSOR_DEFINITIONS = (
					"DEBUG=1",
					"$(inherited)",
				);
				GCC_WARN_64_TO_32_BIT_CONVERSION = YES;
				GCC_WARN_ABOUT_RETURN_TYPE = YES_ERROR;
				GCC_WARN_UNDECLARED_SELECTOR = YES;
				GCC_WARN_UNINITIALIZED_AUTOS = YES_AGGRESSIVE;
				GCC_WARN_UNUSED_FUNCTION = YES;
				GCC_WARN_UNUSED_VARIABLE = YES;
				IPHONEOS_DEPLOYMENT_TARGET = 12.1;
				MTL_ENABLE_DEBUG_INFO = INCLUDE_SOURCE;
				MTL_FAST_MATH = YES;
				ONLY_ACTIVE_ARCH = YES;
				SDKROOT = iphoneos;
				SWIFT_ACTIVE_COMPILATION_CONDITIONS = DEBUG;
				SWIFT_OPTIMIZATION_LEVEL = "-Onone";
			};
			name = Debug;
		};
		879CAFE12242959E00797E3F /* Release */ = {
			isa = XCBuildConfiguration;
			buildSettings = {
				ALWAYS_SEARCH_USER_PATHS = NO;
				CLANG_ANALYZER_NONNULL = YES;
				CLANG_ANALYZER_NUMBER_OBJECT_CONVERSION = YES_AGGRESSIVE;
				CLANG_CXX_LANGUAGE_STANDARD = "gnu++14";
				CLANG_CXX_LIBRARY = "libc++";
				CLANG_ENABLE_MODULES = YES;
				CLANG_ENABLE_OBJC_ARC = YES;
				CLANG_ENABLE_OBJC_WEAK = YES;
				CLANG_WARN_BLOCK_CAPTURE_AUTORELEASING = YES;
				CLANG_WARN_BOOL_CONVERSION = YES;
				CLANG_WARN_COMMA = YES;
				CLANG_WARN_CONSTANT_CONVERSION = YES;
				CLANG_WARN_DEPRECATED_OBJC_IMPLEMENTATIONS = YES;
				CLANG_WARN_DIRECT_OBJC_ISA_USAGE = YES_ERROR;
				CLANG_WARN_DOCUMENTATION_COMMENTS = YES;
				CLANG_WARN_EMPTY_BODY = YES;
				CLANG_WARN_ENUM_CONVERSION = YES;
				CLANG_WARN_INFINITE_RECURSION = YES;
				CLANG_WARN_INT_CONVERSION = YES;
				CLANG_WARN_NON_LITERAL_NULL_CONVERSION = YES;
				CLANG_WARN_OBJC_IMPLICIT_RETAIN_SELF = YES;
				CLANG_WARN_OBJC_LITERAL_CONVERSION = YES;
				CLANG_WARN_OBJC_ROOT_CLASS = YES_ERROR;
				CLANG_WARN_RANGE_LOOP_ANALYSIS = YES;
				CLANG_WARN_STRICT_PROTOTYPES = YES;
				CLANG_WARN_SUSPICIOUS_MOVE = YES;
				CLANG_WARN_UNGUARDED_AVAILABILITY = YES_AGGRESSIVE;
				CLANG_WARN_UNREACHABLE_CODE = YES;
				CLANG_WARN__DUPLICATE_METHOD_MATCH = YES;
				CODE_SIGN_IDENTITY = "iPhone Developer";
				COPY_PHASE_STRIP = NO;
				DEBUG_INFORMATION_FORMAT = "dwarf-with-dsym";
				ENABLE_NS_ASSERTIONS = NO;
				ENABLE_STRICT_OBJC_MSGSEND = YES;
				GCC_C_LANGUAGE_STANDARD = gnu11;
				GCC_NO_COMMON_BLOCKS = YES;
				GCC_WARN_64_TO_32_BIT_CONVERSION = YES;
				GCC_WARN_ABOUT_RETURN_TYPE = YES_ERROR;
				GCC_WARN_UNDECLARED_SELECTOR = YES;
				GCC_WARN_UNINITIALIZED_AUTOS = YES_AGGRESSIVE;
				GCC_WARN_UNUSED_FUNCTION = YES;
				GCC_WARN_UNUSED_VARIABLE = YES;
				IPHONEOS_DEPLOYMENT_TARGET = 12.1;
				MTL_ENABLE_DEBUG_INFO = NO;
				MTL_FAST_MATH = YES;
				SDKROOT = iphoneos;
				SWIFT_COMPILATION_MODE = wholemodule;
				SWIFT_OPTIMIZATION_LEVEL = "-O";
				VALIDATE_PRODUCT = YES;
			};
			name = Release;
		};
		879CAFE32242959E00797E3F /* Debug */ = {
			isa = XCBuildConfiguration;
			buildSettings = {
				ASSETCATALOG_COMPILER_APPICON_NAME = AppIcon;
				CODE_SIGN_STYLE = Automatic;
				DEVELOPMENT_TEAM = SKJLH8UM4Q;
				INFOPLIST_FILE = RequestForm/Info.plist;
				IPHONEOS_DEPLOYMENT_TARGET = 12.0;
				LD_RUNPATH_SEARCH_PATHS = (
					"$(inherited)",
					"@executable_path/Frameworks",
				);
				PRODUCT_BUNDLE_IDENTIFIER = com.liammundy.RequestForm;
				PRODUCT_NAME = "$(TARGET_NAME)";
				SWIFT_VERSION = 4.2;
				TARGETED_DEVICE_FAMILY = "1,2";
			};
			name = Debug;
		};
		879CAFE42242959E00797E3F /* Release */ = {
			isa = XCBuildConfiguration;
			buildSettings = {
				ASSETCATALOG_COMPILER_APPICON_NAME = AppIcon;
				CODE_SIGN_STYLE = Automatic;
				DEVELOPMENT_TEAM = SKJLH8UM4Q;
				INFOPLIST_FILE = RequestForm/Info.plist;
				IPHONEOS_DEPLOYMENT_TARGET = 12.0;
				LD_RUNPATH_SEARCH_PATHS = (
					"$(inherited)",
					"@executable_path/Frameworks",
				);
				PRODUCT_BUNDLE_IDENTIFIER = com.liammundy.RequestForm;
				PRODUCT_NAME = "$(TARGET_NAME)";
				SWIFT_VERSION = 4.2;
				TARGETED_DEVICE_FAMILY = "1,2";
			};
			name = Release;
		};
/* End XCBuildConfiguration section */

/* Begin XCConfigurationList section */
		879CAFC82242959C00797E3F /* Build configuration list for PBXProject "RequestForm" */ = {
			isa = XCConfigurationList;
			buildConfigurations = (
				879CAFE02242959E00797E3F /* Debug */,
				879CAFE12242959E00797E3F /* Release */,
			);
			defaultConfigurationIsVisible = 0;
			defaultConfigurationName = Release;
		};
		879CAFE22242959E00797E3F /* Build configuration list for PBXNativeTarget "RequestForm" */ = {
			isa = XCConfigurationList;
			buildConfigurations = (
				879CAFE32242959E00797E3F /* Debug */,
				879CAFE42242959E00797E3F /* Release */,
			);
			defaultConfigurationIsVisible = 0;
			defaultConfigurationName = Release;
		};
/* End XCConfigurationList section */

/* Begin XCVersionGroup section */
		879CAFD72242959C00797E3F /* RequestForm.xcdatamodeld */ = {
			isa = XCVersionGroup;
			children = (
				879CAFD82242959C00797E3F /* RequestForm.xcdatamodel */,
			);
			currentVersion = 879CAFD82242959C00797E3F /* RequestForm.xcdatamodel */;
			path = RequestForm.xcdatamodeld;
			sourceTree = "<group>";
			versionGroupType = wrapper.xcdatamodel;
		};
/* End XCVersionGroup section */
	};
	rootObject = 879CAFC52242959C00797E3F /* Project object */;
}
